
Microsoft Visual Studio Solution File, Format Version 12.00
# Visual Studio Version 17
VisualStudioVersion = 17.5.33530.505
MinimumVisualStudioVersion = 10.0.40219.1
Project("{FAE04EC0-301F-11D3-BF4B-00C04F79EFBC}") = "Mainmetode", "Mainmetode\Mainmetode.csproj", "{6A96FE54-55D4-4DC6-8426-3853B15FAF76}"
EndProject
Global
	GlobalSection(SolutionConfigurationPlatforms) = preSolution
		Debug|Any CPU = Debug|Any CPU
		Release|Any CPU = Release|Any CPU
	EndGlobalSection
	GlobalSection(ProjectConfigurationPlatforms) = postSolution
		{6A96FE54-55D4-4DC6-8426-3853B15FAF76}.Debug|Any CPU.ActiveCfg = Debug|Any CPU
		{6A96FE54-55D4-4DC6-8426-3853B15FAF76}.Debug|Any CPU.Build.0 = Debug|Any CPU
		{6A96FE54-55D4-4DC6-8426-3853B15FAF76}.Release|Any CPU.ActiveCfg = Release|Any CPU
		{6A96FE54-55D4-4DC6-8426-3853B15FAF76}.Release|Any CPU.Build.0 = Release|Any CPU
	EndGlobalSection
	GlobalSection(SolutionProperties) = preSolution
		HideSolutionNode = FALSE
	EndGlobalSection
	GlobalSection(ExtensibilityGlobals) = postSolution
		SolutionGuid = {85AF1ED7-7A99-4B05-9479-B42D1871485D}
	EndGlobalSection
EndGlobal
